<?xml version="1.0" encoding="UTF-8"?>
<CONFIG>
  <ProjectOptions>
    <Version Value="10"/>
    <PathDelim Value="\"/>
    <General>
      <Flags>
        <LRSInOutputDirectory Value="False"/>
      </Flags>
      <MainUnit Value="0"/>
      <XPManifest>
        <DpiAware Value="True/PM"/>
      </XPManifest>
    </General>
    <VersionInfo>
      <Language Value=""/>
      <CharSet Value=""/>
    </VersionInfo>
    <BuildModes Count="1">
      <Item1 Name="default" Default="True"/>
    </BuildModes>
    <PublishOptions>
      <Version Value="2"/>
      <IgnoreBinaries Value="False"/>
      <IncludeFileFilter Value="*.(pas|pp|inc|lfm|lpr|lrs|lpi|lpk|sh|xml)"/>
      <ExcludeFileFilter Value="*.(bak|ppu|ppw|o|so);*~;backup"/>
    </PublishOptions>
    <RunParams>
      <local>
        <FormatVersion Value="1"/>
        <LaunchingApplication PathPlusParams="\usr\X11R6\bin\xterm -T 'Lazarus Run Output' -e $(LazarusDir)\tools\runwait.sh $(TargetCmdLine)"/>
      </local>
    </RunParams>
    <RequiredPackages Count="3">
      <Item1>
        <PackageName Value="TAChartLazarusPkg"/>
      </Item1>
      <Item2>
        <PackageName Value="cmdbox"/>
        <MinVersion Valid="True"/>
      </Item2>
      <Item3>
        <PackageName Value="LCL"/>
      </Item3>
    </RequiredPackages>
    <Units Count="22">
      <Unit0>
        <Filename Value="CmdLineExample.lpr"/>
        <IsPartOfProject Value="True"/>
        <EditorIndex Value="-1"/>
        <CursorPos X="25" Y="18"/>
        <UsageCount Value="202"/>
      </Unit0>
      <Unit1>
        <Filename Value="wnmainform.pas"/>
        <IsPartOfProject Value="True"/>
        <ComponentName Value="WMainForm"/>
        <HasResources Value="True"/>
        <ResourceBaseClass Value="Form"/>
        <IsVisibleTab Value="True"/>
        <TopLine Value="683"/>
        <CursorPos X="34" Y="709"/>
        <UsageCount Value="202"/>
        <Loaded Value="True"/>
        <LoadedDesigner Value="True"/>
      </Unit1>
      <Unit2>
        <Filename Value="wnmainform.lfm"/>
        <UsageCount Value="21"/>
        <DefaultSyntaxHighlighter Value="LFM"/>
      </Unit2>
      <Unit3>
        <Filename Value="ucmdline.pas"/>
        <CursorPos X="8" Y="30"/>
        <UsageCount Value="5"/>
      </Unit3>
      <Unit4>
        <Filename Value="..\uflowcharteditor.pas"/>
        <TopLine Value="1015"/>
        <CursorPos X="25" Y="1039"/>
        <UsageCount Value="1"/>
      </Unit4>
      <Unit5>
        <Filename Value="ucmdbox.pas"/>
        <UnitName Value="uCmdBox"/>
        <EditorIndex Value="-1"/>
        <TopLine Value="2380"/>
        <CursorPos Y="2402"/>
        <UsageCount Value="28"/>
      </Unit5>
      <Unit6>
        <Filename Value="..\..\..\..\..\share\fpcsrc\3.0.4\rtl\objpas\classes\classesh.inc"/>
        <EditorIndex Value="-1"/>
        <TopLine Value="751"/>
        <CursorPos X="14" Y="774"/>
        <UsageCount Value="1"/>
      </Unit6>
      <Unit7>
        <Filename Value="claseinter.pas"/>
        <EditorIndex Value="6"/>
        <TopLine Value="164"/>
        <CursorPos X="36" Y="191"/>
        <UsageCount Value="100"/>
        <Loaded Value="True"/>
      </Unit7>
      <Unit8>
        <Filename Value="edo.pas"/>
        <EditorIndex Value="3"/>
        <CursorPos X="29" Y="18"/>
        <UsageCount Value="115"/>
        <Loaded Value="True"/>
      </Unit8>
      <Unit9>
        <Filename Value="storvar.pas"/>
        <IsPartOfProject Value="True"/>
        <UnitName Value="StorVar"/>
        <EditorIndex Value="4"/>
        <TopLine Value="74"/>
        <CursorPos X="61" Y="97"/>
        <UsageCount Value="226"/>
        <Loaded Value="True"/>
      </Unit9>
      <Unit10>
        <Filename Value="clgrange.pas"/>
        <UnitName Value="clGrange"/>
        <EditorIndex Value="9"/>
        <CursorPos X="64" Y="12"/>
        <UsageCount Value="100"/>
        <Loaded Value="True"/>
      </Unit10>
      <Unit11>
        <Filename Value="claseli.pas"/>
        <EditorIndex Value="5"/>
        <TopLine Value="206"/>
        <CursorPos X="23" Y="212"/>
        <UsageCount Value="91"/>
        <Loaded Value="True"/>
      </Unit11>
      <Unit12>
        <Filename Value="custparse.pas"/>
        <UnitName Value="custParse"/>
        <EditorIndex Value="8"/>
        <TopLine Value="164"/>
        <CursorPos Y="207"/>
        <UsageCount Value="70"/>
        <Loaded Value="True"/>
      </Unit12>
      <Unit13>
        <Filename Value="..\..\..\..\..\share\fpcsrc\3.0.4\rtl\objpas\sysutils\sysstrh.inc"/>
        <EditorIndex Value="-1"/>
        <TopLine Value="86"/>
        <CursorPos X="10" Y="108"/>
        <UsageCount Value="9"/>
      </Unit13>
      <Unit14>
        <Filename Value="clsedo.pas"/>
        <IsPartOfProject Value="True"/>
        <UnitName Value="clSEDO"/>
        <EditorIndex Value="1"/>
        <TopLine Value="213"/>
        <CursorPos X="28" Y="247"/>
        <UsageCount Value="175"/>
        <Loaded Value="True"/>
      </Unit14>
      <Unit15>
        <Filename Value="clsistem.pas"/>
        <UnitName Value="clSistem"/>
        <EditorIndex Value="2"/>
        <TopLine Value="34"/>
        <CursorPos X="3" Y="61"/>
        <UsageCount Value="84"/>
        <Loaded Value="True"/>
      </Unit15>
      <Unit16>
        <Filename Value="clMatrix.pas"/>
        <EditorIndex Value="7"/>
        <CursorPos X="35" Y="23"/>
        <UsageCount Value="84"/>
        <Loaded Value="True"/>
      </Unit16>
      <Unit17>
        <Filename Value="..\..\..\..\..\..\home\jjac1999\Projects\AN-Pascal\cmdline\clgrange.pas"/>
        <UnitName Value="clGrange"/>
        <EditorIndex Value="-1"/>
        <CursorPos X="29" Y="34"/>
        <UsageCount Value="1"/>
      </Unit17>
      <Unit18>
        <Filename Value="..\..\..\..\..\..\home\jjac1999\Downloads\GraphicsFunctions\main.pas"/>
        <EditorIndex Value="-1"/>
        <TopLine Value="97"/>
        <CursorPos X="35" Y="134"/>
        <UsageCount Value="36"/>
      </Unit18>
      <Unit19>
        <Filename Value="..\tachart\demo\basic\unit1.pas"/>
        <EditorIndex Value="-1"/>
        <TopLine Value="124"/>
        <CursorPos X="37" Y="10"/>
        <UsageCount Value="9"/>
      </Unit19>
      <Unit20>
        <Filename Value="..\..\..\..\..\..\media\jjac1999\JJ\New folder\unit1.pas"/>
        <UnitName Value="Unit1"/>
        <EditorIndex Value="-1"/>
        <TopLine Value="37"/>
        <CursorPos Y="79"/>
        <UsageCount Value="10"/>
      </Unit20>
      <Unit21>
        <Filename Value="..\tachart\tagraph.pas"/>
        <UnitName Value="TAGraph"/>
        <EditorIndex Value="-1"/>
        <TopLine Value="302"/>
        <CursorPos X="36" Y="319"/>
        <UsageCount Value="9"/>
      </Unit21>
    </Units>
    <JumpHistory Count="30" HistoryIndex="29">
      <Position1>
        <Filename Value="wnmainform.pas"/>
        <Caret Line="806" Column="29" TopLine="784"/>
      </Position1>
      <Position2>
        <Filename Value="wnmainform.pas"/>
        <Caret Line="809" Column="29" TopLine="787"/>
      </Position2>
      <Position3>
        <Filename Value="wnmainform.pas"/>
        <Caret Line="807" Column="20" TopLine="787"/>
      </Position3>
      <Position4>
        <Filename Value="wnmainform.pas"/>
        <Caret Line="809" Column="26" TopLine="790"/>
      </Position4>
      <Position5>
        <Filename Value="wnmainform.pas"/>
        <Caret Line="810" Column="65" TopLine="787"/>
      </Position5>
      <Position6>
        <Filename Value="clsedo.pas"/>
        <Caret Line="140" Column="3" TopLine="114"/>
      </Position6>
      <Position7>
        <Filename Value="clsedo.pas"/>
        <Caret Line="13" Column="46"/>
      </Position7>
      <Position8>
        <Filename Value="clsedo.pas"/>
        <Caret Line="24" Column="15"/>
      </Position8>
      <Position9>
        <Filename Value="clsistem.pas"/>
        <Caret Line="27" Column="34" TopLine="13"/>
      </Position9>
      <Position10>
        <Filename Value="clsedo.pas"/>
        <Caret Line="178" Column="15" TopLine="137"/>
      </Position10>
      <Position11>
        <Filename Value="clsedo.pas"/>
        <Caret Line="64" Column="3"/>
      </Position11>
      <Position12>
        <Filename Value="clsedo.pas"/>
        <Caret Line="66" Column="31" TopLine="56"/>
      </Position12>
      <Position13>
        <Filename Value="clsedo.pas"/>
        <Caret Line="29" Column="24" TopLine="7"/>
      </Position13>
      <Position14>
        <Filename Value="clsedo.pas"/>
        <Caret Line="168" Column="31" TopLine="132"/>
      </Position14>
      <Position15>
        <Filename Value="clsedo.pas"/>
        <Caret Line="170" Column="31" TopLine="151"/>
      </Position15>
      <Position16>
        <Filename Value="clsedo.pas"/>
        <Caret Line="209" Column="27" TopLine="186"/>
      </Position16>
      <Position17>
        <Filename Value="clsedo.pas"/>
        <Caret Line="203" Column="27" TopLine="176"/>
      </Position17>
      <Position18>
        <Filename Value="clsedo.pas"/>
        <Caret Line="198" Column="22" TopLine="176"/>
      </Position18>
      <Position19>
        <Filename Value="clsedo.pas"/>
        <Caret Line="209" Column="11" TopLine="186"/>
      </Position19>
      <Position20>
        <Filename Value="clsedo.pas"/>
        <Caret Line="221" Column="44" TopLine="192"/>
      </Position20>
      <Position21>
        <Filename Value="clsedo.pas"/>
        <Caret Line="225" Column="23" TopLine="193"/>
      </Position21>
      <Position22>
        <Filename Value="clsedo.pas"/>
        <Caret Line="235" Column="26" TopLine="196"/>
      </Position22>
      <Position23>
        <Filename Value="wnmainform.pas"/>
        <Caret Line="708" Column="41" TopLine="678"/>
      </Position23>
      <Position24>
        <Filename Value="wnmainform.pas"/>
        <Caret Line="700" Column="45" TopLine="693"/>
      </Position24>
      <Position25>
        <Filename Value="clsedo.pas"/>
        <Caret Line="247" Column="18" TopLine="207"/>
      </Position25>
      <Position26>
        <Filename Value="wnmainform.pas"/>
        <Caret Line="700" Column="45" TopLine="680"/>
      </Position26>
      <Position27>
        <Filename Value="clsedo.pas"/>
        <Caret Line="66" Column="35" TopLine="49"/>
      </Position27>
      <Position28>
        <Filename Value="wnmainform.pas"/>
        <Caret Line="700" Column="45" TopLine="680"/>
      </Position28>
      <Position29>
        <Filename Value="clsedo.pas"/>
        <Caret Line="258" Column="39" TopLine="224"/>
      </Position29>
      <Position30>
        <Filename Value="clsedo.pas"/>
        <Caret Line="237" Column="16" TopLine="225"/>
      </Position30>
    </JumpHistory>
  </ProjectOptions>
  <CompilerOptions>
    <Version Value="11"/>
    <PathDelim Value="\"/>
    <Parsing>
      <SyntaxOptions>
        <UseAnsiStrings Value="False"/>
      </SyntaxOptions>
    </Parsing>
    <CodeGeneration>
      <Checks>
        <IOChecks Value="True"/>
        <RangeChecks Value="True"/>
        <OverflowChecks Value="True"/>
        <StackChecks Value="True"/>
      </Checks>
      <VerifyObjMethodCallValidity Value="True"/>
    </CodeGeneration>
    <Linking>
      <Debugging>
        <StripSymbols Value="True"/>
      </Debugging>
      <LinkSmart Value="True"/>
      <Options>
        <Win32>
          <GraphicApplication Value="True"/>
        </Win32>
      </Options>
    </Linking>
  </CompilerOptions>
  <Debugging>
    <Exceptions Count="2">
      <Item1>
        <Name Value="ECodetoolError"/>
      </Item1>
      <Item2>
        <Name Value="EFOpenError"/>
      </Item2>
    </Exceptions>
  </Debugging>
</CONFIG>
